
Microsoft Visual Studio Solution File, Format Version 12.00
# Visual Studio Version 17
VisualStudioVersion = 17.13.35919.96 d17.13
MinimumVisualStudioVersion = 10.0.40219.1
Project("{FAE04EC0-301F-11D3-BF4B-00C04F79EFBC}") = "ServerBlog", "ServerBlog.csproj", "{17631F21-F055-4B52-8058-DDE4571065DD}"
EndProject
Global
	GlobalSection(SolutionConfigurationPlatforms) = preSolution
		Debug|Any CPU = Debug|Any CPU
		Release|Any CPU = Release|Any CPU
	EndGlobalSection
	GlobalSection(ProjectConfigurationPlatforms) = postSolution
		{17631F21-F055-4B52-8058-DDE4571065DD}.Debug|Any CPU.ActiveCfg = Debug|Any CPU
		{17631F21-F055-4B52-8058-DDE4571065DD}.Debug|Any CPU.Build.0 = Debug|Any CPU
		{17631F21-F055-4B52-8058-DDE4571065DD}.Release|Any CPU.ActiveCfg = Release|Any CPU
		{17631F21-F055-4B52-8058-DDE4571065DD}.Release|Any CPU.Build.0 = Release|Any CPU
	EndGlobalSection
	GlobalSection(SolutionProperties) = preSolution
		HideSolutionNode = FALSE
	EndGlobalSection
	GlobalSection(ExtensibilityGlobals) = postSolution
		SolutionGuid = {6A42348C-7368-473E-B3B3-56ABBA5234BC}
	EndGlobalSection
EndGlobal
